
Microsoft Visual Studio Solution File, Format Version 12.00
# Visual Studio Version 17
VisualStudioVersion = 17.7.34202.233
MinimumVisualStudioVersion = 10.0.40219.1
Project("{FAE04EC0-301F-11D3-BF4B-00C04F79EFBC}") = "Models", "Models\Models.csproj", "{3B243407-A277-4F13-8C2C-C1CEB95ECCD0}"
EndProject
Project("{FAE04EC0-301F-11D3-BF4B-00C04F79EFBC}") = "Services", "Services\Services.csproj", "{4BF2D449-24F4-413D-954E-5FF8C71A04CB}"
EndProject
Project("{FAE04EC0-301F-11D3-BF4B-00C04F79EFBC}") = "Repositories", "Repositories\Repositories.csproj", "{238E108D-A513-483E-858B-4A8393CDAAB4}"
EndProject
Project("{FAE04EC0-301F-11D3-BF4B-00C04F79EFBC}") = "Main", "Main\Main.csproj", "{633CAE36-EABE-4CCA-956C-BDC5613824D4}"
EndProject
Global
	GlobalSection(SolutionConfigurationPlatforms) = preSolution
		Debug|Any CPU = Debug|Any CPU
		Release|Any CPU = Release|Any CPU
	EndGlobalSection
	GlobalSection(ProjectConfigurationPlatforms) = postSolution
		{3B243407-A277-4F13-8C2C-C1CEB95ECCD0}.Debug|Any CPU.ActiveCfg = Debug|Any CPU
		{3B243407-A277-4F13-8C2C-C1CEB95ECCD0}.Debug|Any CPU.Build.0 = Debug|Any CPU
		{3B243407-A277-4F13-8C2C-C1CEB95ECCD0}.Release|Any CPU.ActiveCfg = Release|Any CPU
		{3B243407-A277-4F13-8C2C-C1CEB95ECCD0}.Release|Any CPU.Build.0 = Release|Any CPU
		{4BF2D449-24F4-413D-954E-5FF8C71A04CB}.Debug|Any CPU.ActiveCfg = Debug|Any CPU
		{4BF2D449-24F4-413D-954E-5FF8C71A04CB}.Debug|Any CPU.Build.0 = Debug|Any CPU
		{4BF2D449-24F4-413D-954E-5FF8C71A04CB}.Release|Any CPU.ActiveCfg = Release|Any CPU
		{4BF2D449-24F4-413D-954E-5FF8C71A04CB}.Release|Any CPU.Build.0 = Release|Any CPU
		{238E108D-A513-483E-858B-4A8393CDAAB4}.Debug|Any CPU.ActiveCfg = Debug|Any CPU
		{238E108D-A513-483E-858B-4A8393CDAAB4}.Debug|Any CPU.Build.0 = Debug|Any CPU
		{238E108D-A513-483E-858B-4A8393CDAAB4}.Release|Any CPU.ActiveCfg = Release|Any CPU
		{238E108D-A513-483E-858B-4A8393CDAAB4}.Release|Any CPU.Build.0 = Release|Any CPU
		{633CAE36-EABE-4CCA-956C-BDC5613824D4}.Debug|Any CPU.ActiveCfg = Debug|Any CPU
		{633CAE36-EABE-4CCA-956C-BDC5613824D4}.Debug|Any CPU.Build.0 = Debug|Any CPU
		{633CAE36-EABE-4CCA-956C-BDC5613824D4}.Release|Any CPU.ActiveCfg = Release|Any CPU
		{633CAE36-EABE-4CCA-956C-BDC5613824D4}.Release|Any CPU.Build.0 = Release|Any CPU
	EndGlobalSection
	GlobalSection(SolutionProperties) = preSolution
		HideSolutionNode = FALSE
	EndGlobalSection
	GlobalSection(ExtensibilityGlobals) = postSolution
		SolutionGuid = {3E789B78-15BA-4E35-83DA-8594DCA792A0}
	EndGlobalSection
EndGlobal
